
Microsoft Visual Studio Solution File, Format Version 12.00
# Visual Studio Version 17
VisualStudioVersion = 17.6.33815.320
MinimumVisualStudioVersion = 10.0.40219.1
Project("{FAE04EC0-301F-11D3-BF4B-00C04F79EFBC}") = "mdi_sample_cSharp", "mdi_sample_cSharp.csproj", "{E011E464-397A-4588-8521-491D1101F469}"
EndProject
Global
	GlobalSection(SolutionConfigurationPlatforms) = preSolution
		Debug|Any CPU = Debug|Any CPU
		Release|Any CPU = Release|Any CPU
	EndGlobalSection
	GlobalSection(ProjectConfigurationPlatforms) = postSolution
		{E011E464-397A-4588-8521-491D1101F469}.Debug|Any CPU.ActiveCfg = Debug|Any CPU
		{E011E464-397A-4588-8521-491D1101F469}.Debug|Any CPU.Build.0 = Debug|Any CPU
		{E011E464-397A-4588-8521-491D1101F469}.Release|Any CPU.ActiveCfg = Release|Any CPU
		{E011E464-397A-4588-8521-491D1101F469}.Release|Any CPU.Build.0 = Release|Any CPU
	EndGlobalSection
	GlobalSection(SolutionProperties) = preSolution
		HideSolutionNode = FALSE
	EndGlobalSection
	GlobalSection(ExtensibilityGlobals) = postSolution
		SolutionGuid = {A4B0DF63-22FE-4A7E-BDD9-F2C9BFE5730F}
	EndGlobalSection
EndGlobal
